
Microsoft Visual Studio Solution File, Format Version 12.00
# Visual Studio 2017
Project("{FAE04EC0-301F-11D3-BF4B-00C04F79EFBC}") = "Nutrition eLearning Ontario.Plugins", "Nutrition eLearning Ontario.Plugins.csproj", "{BD3B012C-4BF1-6835-77DF-57E3334AC375}"
EndProject
Project("{FAE04EC0-301F-11D3-BF4B-00C04F79EFBC}") = "Nutrition eLearning Ontario.Editor.Plugins", "Nutrition eLearning Ontario.Editor.Plugins.csproj", "{A8D69A4A-BE7A-23FB-C4ED-DE916C91F47D}"
EndProject
Global
	GlobalSection(SolutionConfigurationPlatforms) = preSolution
		Debug|Any CPU = Debug|Any CPU
		Release|Any CPU = Release|Any CPU
	EndGlobalSection
	GlobalSection(ProjectConfigurationPlatforms) = postSolution
		{BD3B012C-4BF1-6835-77DF-57E3334AC375}.Debug|Any CPU.ActiveCfg = Debug|Any CPU
		{BD3B012C-4BF1-6835-77DF-57E3334AC375}.Debug|Any CPU.Build.0 = Debug|Any CPU
		{BD3B012C-4BF1-6835-77DF-57E3334AC375}.Release|Any CPU.ActiveCfg = Release|Any CPU
		{BD3B012C-4BF1-6835-77DF-57E3334AC375}.Release|Any CPU.Build.0 = Release|Any CPU
		{A8D69A4A-BE7A-23FB-C4ED-DE916C91F47D}.Debug|Any CPU.ActiveCfg = Debug|Any CPU
		{A8D69A4A-BE7A-23FB-C4ED-DE916C91F47D}.Debug|Any CPU.Build.0 = Debug|Any CPU
		{A8D69A4A-BE7A-23FB-C4ED-DE916C91F47D}.Release|Any CPU.ActiveCfg = Release|Any CPU
		{A8D69A4A-BE7A-23FB-C4ED-DE916C91F47D}.Release|Any CPU.Build.0 = Release|Any CPU
	EndGlobalSection
	GlobalSection(SolutionProperties) = preSolution
		HideSolutionNode = FALSE
	EndGlobalSection
EndGlobal
